// !$*UTF8*$!
{
	archiveVersion = 1;
	classes = {
	};
	objectVersion = 50;
	objects = {

/* Begin PBXBuildFile section */
		437BA9F3D741F3284F686707 /* libPods-InstaUITests.a in Frameworks */ = {isa = PBXBuildFile; fileRef = 6E3DB943EA204F6AC655D0E9 /* libPods-InstaUITests.a */; };
		752627277BB1B01EA677BCB5 /* libPods-InstaTests.a in Frameworks */ = {isa = PBXBuildFile; fileRef = E3EB5DC8B6AB2E53FBA8BA52 /* libPods-InstaTests.a */; };
		B785FA1538F113DA360C79DB /* libPods-Insta.a in Frameworks */ = {isa = PBXBuildFile; fileRef = EA7D83DED9DF7F59C83AC1BC /* libPods-Insta.a */; };
		CC67EA5920F409DE001B0A1F /* AppDelegate.m in Sources */ = {isa = PBXBuildFile; fileRef = CC67EA5820F409DE001B0A1F /* AppDelegate.m */; };
		CC67EA5F20F409DE001B0A1F /* Main.storyboard in Resources */ = {isa = PBXBuildFile; fileRef = CC67EA5D20F409DE001B0A1F /* Main.storyboard */; };
		CC67EA6120F409DF001B0A1F /* Assets.xcassets in Resources */ = {isa = PBXBuildFile; fileRef = CC67EA6020F409DF001B0A1F /* Assets.xcassets */; };
		CC67EA6420F409DF001B0A1F /* LaunchScreen.storyboard in Resources */ = {isa = PBXBuildFile; fileRef = CC67EA6220F409DF001B0A1F /* LaunchScreen.storyboard */; };
		CC67EA6720F409DF001B0A1F /* main.m in Sources */ = {isa = PBXBuildFile; fileRef = CC67EA6620F409DF001B0A1F /* main.m */; };
		CC67EA7120F409DF001B0A1F /* InstaTests.m in Sources */ = {isa = PBXBuildFile; fileRef = CC67EA7020F409DF001B0A1F /* InstaTests.m */; };
		CC67EA7C20F409DF001B0A1F /* InstaUITests.m in Sources */ = {isa = PBXBuildFile; fileRef = CC67EA7B20F409DF001B0A1F /* InstaUITests.m */; };
		CC67EA9120F41D90001B0A1F /* SignUpViewController.m in Sources */ = {isa = PBXBuildFile; fileRef = CC67EA9020F41D90001B0A1F /* SignUpViewController.m */; };
		CC67EA9420F41E10001B0A1F /* LoginViewController.m in Sources */ = {isa = PBXBuildFile; fileRef = CC67EA9320F41E10001B0A1F /* LoginViewController.m */; };
		CC67EA9D20F42B87001B0A1F /* FeedViewController.m in Sources */ = {isa = PBXBuildFile; fileRef = CC67EA9C20F42B87001B0A1F /* FeedViewController.m */; };
		CC67EAA120F42CFA001B0A1F /* ComposeViewController.m in Sources */ = {isa = PBXBuildFile; fileRef = CC67EAA020F42CFA001B0A1F /* ComposeViewController.m */; };
		CC67EAA620F42D14001B0A1F /* ProfileViewController.m in Sources */ = {isa = PBXBuildFile; fileRef = CC67EAA520F42D14001B0A1F /* ProfileViewController.m */; };
		CC67EAA920F42FA9001B0A1F /* Post.m in Sources */ = {isa = PBXBuildFile; fileRef = CC67EAA820F42FA9001B0A1F /* Post.m */; };
		CC67EAAC20F4321E001B0A1F /* PictureCell.m in Sources */ = {isa = PBXBuildFile; fileRef = CC67EAAB20F4321E001B0A1F /* PictureCell.m */; };
		CC67EAAF20F43393001B0A1F /* DetailedViewController.m in Sources */ = {isa = PBXBuildFile; fileRef = CC67EAAE20F43393001B0A1F /* DetailedViewController.m */; };
		CCEEEB9F20F7D74E0084AE01 /* HeaderTableViewCell.m in Sources */ = {isa = PBXBuildFile; fileRef = CCEEEB9E20F7D74E0084AE01 /* HeaderTableViewCell.m */; };
		CCEEEBA220F7D7720084AE01 /* ProfileTableViewCell.m in Sources */ = {isa = PBXBuildFile; fileRef = CCEEEBA120F7D7720084AE01 /* ProfileTableViewCell.m */; };
/* End PBXBuildFile section */

/* Begin PBXContainerItemProxy section */
		CC67EA6D20F409DF001B0A1F /* PBXContainerItemProxy */ = {
			isa = PBXContainerItemProxy;
			containerPortal = CC67EA4C20F409DE001B0A1F /* Project object */;
			proxyType = 1;
			remoteGlobalIDString = CC67EA5320F409DE001B0A1F;
			remoteInfo = Insta;
		};
		CC67EA7820F409DF001B0A1F /* PBXContainerItemProxy */ = {
			isa = PBXContainerItemProxy;
			containerPortal = CC67EA4C20F409DE001B0A1F /* Project object */;
			proxyType = 1;
			remoteGlobalIDString = CC67EA5320F409DE001B0A1F;
			remoteInfo = Insta;
		};
/* End PBXContainerItemProxy section */

/* Begin PBXFileReference section */
		18A3D8203D2A38BBA212FCEC /* Pods-InstaTests.debug.xcconfig */ = {isa = PBXFileReference; includeInIndex = 1; lastKnownFileType = text.xcconfig; name = "Pods-InstaTests.debug.xcconfig"; path = "Pods/Target Support Files/Pods-InstaTests/Pods-InstaTests.debug.xcconfig"; sourceTree = "<group>"; };
		6E3DB943EA204F6AC655D0E9 /* libPods-InstaUITests.a */ = {isa = PBXFileReference; explicitFileType = archive.ar; includeInIndex = 0; path = "libPods-InstaUITests.a"; sourceTree = BUILT_PRODUCTS_DIR; };
		9BB5A960F4872DF837543DA6 /* Pods-Insta.debug.xcconfig */ = {isa = PBXFileReference; includeInIndex = 1; lastKnownFileType = text.xcconfig; name = "Pods-Insta.debug.xcconfig"; path = "Pods/Target Support Files/Pods-Insta/Pods-Insta.debug.xcconfig"; sourceTree = "<group>"; };
		AA1FCDA7B71FE002491F1A96 /* Pods-InstaUITests.debug.xcconfig */ = {isa = PBXFileReference; includeInIndex = 1; lastKnownFileType = text.xcconfig; name = "Pods-InstaUITests.debug.xcconfig"; path = "Pods/Target Support Files/Pods-InstaUITests/Pods-InstaUITests.debug.xcconfig"; sourceTree = "<group>"; };
		B18030B2BD6E8B9A1546D142 /* Pods-InstaTests.release.xcconfig */ = {isa = PBXFileReference; includeInIndex = 1; lastKnownFileType = text.xcconfig; name = "Pods-InstaTests.release.xcconfig"; path = "Pods/Target Support Files/Pods-InstaTests/Pods-InstaTests.release.xcconfig"; sourceTree = "<group>"; };
		C58F05FD8892A59508814361 /* Pods-Insta.release.xcconfig */ = {isa = PBXFileReference; includeInIndex = 1; lastKnownFileType = text.xcconfig; name = "Pods-Insta.release.xcconfig"; path = "Pods/Target Support Files/Pods-Insta/Pods-Insta.release.xcconfig"; sourceTree = "<group>"; };
		CC67EA5420F409DE001B0A1F /* Insta.app */ = {isa = PBXFileReference; explicitFileType = wrapper.application; includeInIndex = 0; path = Insta.app; sourceTree = BUILT_PRODUCTS_DIR; };
		CC67EA5720F409DE001B0A1F /* AppDelegate.h */ = {isa = PBXFileReference; lastKnownFileType = sourcecode.c.h; path = AppDelegate.h; sourceTree = "<group>"; };
		CC67EA5820F409DE001B0A1F /* AppDelegate.m */ = {isa = PBXFileReference; lastKnownFileType = sourcecode.c.objc; path = AppDelegate.m; sourceTree = "<group>"; };
		CC67EA5E20F409DE001B0A1F /* Base */ = {isa = PBXFileReference; lastKnownFileType = file.storyboard; name = Base; path = Base.lproj/Main.storyboard; sourceTree = "<group>"; };
		CC67EA6020F409DF001B0A1F /* Assets.xcassets */ = {isa = PBXFileReference; lastKnownFileType = folder.assetcatalog; path = Assets.xcassets; sourceTree = "<group>"; };
		CC67EA6320F409DF001B0A1F /* Base */ = {isa = PBXFileReference; lastKnownFileType = file.storyboard; name = Base; path = Base.lproj/LaunchScreen.storyboard; sourceTree = "<group>"; };
		CC67EA6520F409DF001B0A1F /* Info.plist */ = {isa = PBXFileReference; lastKnownFileType = text.plist.xml; path = Info.plist; sourceTree = "<group>"; };
		CC67EA6620F409DF001B0A1F /* main.m */ = {isa = PBXFileReference; lastKnownFileType = sourcecode.c.objc; path = main.m; sourceTree = "<group>"; };
		CC67EA6C20F409DF001B0A1F /* InstaTests.xctest */ = {isa = PBXFileReference; explicitFileType = wrapper.cfbundle; includeInIndex = 0; path = InstaTests.xctest; sourceTree = BUILT_PRODUCTS_DIR; };
		CC67EA7020F409DF001B0A1F /* InstaTests.m */ = {isa = PBXFileReference; lastKnownFileType = sourcecode.c.objc; path = InstaTests.m; sourceTree = "<group>"; };
		CC67EA7220F409DF001B0A1F /* Info.plist */ = {isa = PBXFileReference; lastKnownFileType = text.plist.xml; path = Info.plist; sourceTree = "<group>"; };
		CC67EA7720F409DF001B0A1F /* InstaUITests.xctest */ = {isa = PBXFileReference; explicitFileType = wrapper.cfbundle; includeInIndex = 0; path = InstaUITests.xctest; sourceTree = BUILT_PRODUCTS_DIR; };
		CC67EA7B20F409DF001B0A1F /* InstaUITests.m */ = {isa = PBXFileReference; lastKnownFileType = sourcecode.c.objc; path = InstaUITests.m; sourceTree = "<group>"; };
		CC67EA7D20F409DF001B0A1F /* Info.plist */ = {isa = PBXFileReference; lastKnownFileType = text.plist.xml; path = Info.plist; sourceTree = "<group>"; };
		CC67EA8F20F41D90001B0A1F /* SignUpViewController.h */ = {isa = PBXFileReference; lastKnownFileType = sourcecode.c.h; path = SignUpViewController.h; sourceTree = "<group>"; };
		CC67EA9020F41D90001B0A1F /* SignUpViewController.m */ = {isa = PBXFileReference; lastKnownFileType = sourcecode.c.objc; path = SignUpViewController.m; sourceTree = "<group>"; };
		CC67EA9220F41E10001B0A1F /* LoginViewController.h */ = {isa = PBXFileReference; lastKnownFileType = sourcecode.c.h; path = LoginViewController.h; sourceTree = "<group>"; };
		CC67EA9320F41E10001B0A1F /* LoginViewController.m */ = {isa = PBXFileReference; lastKnownFileType = sourcecode.c.objc; path = LoginViewController.m; sourceTree = "<group>"; };
		CC67EA9B20F42B87001B0A1F /* FeedViewController.h */ = {isa = PBXFileReference; lastKnownFileType = sourcecode.c.h; path = FeedViewController.h; sourceTree = "<group>"; };
		CC67EA9C20F42B87001B0A1F /* FeedViewController.m */ = {isa = PBXFileReference; lastKnownFileType = sourcecode.c.objc; path = FeedViewController.m; sourceTree = "<group>"; };
		CC67EA9F20F42CFA001B0A1F /* ComposeViewController.h */ = {isa = PBXFileReference; lastKnownFileType = sourcecode.c.h; path = ComposeViewController.h; sourceTree = "<group>"; };
		CC67EAA020F42CFA001B0A1F /* ComposeViewController.m */ = {isa = PBXFileReference; lastKnownFileType = sourcecode.c.objc; path = ComposeViewController.m; sourceTree = "<group>"; };
		CC67EAA420F42D14001B0A1F /* ProfileViewController.h */ = {isa = PBXFileReference; lastKnownFileType = sourcecode.c.h; path = ProfileViewController.h; sourceTree = "<group>"; };
		CC67EAA520F42D14001B0A1F /* ProfileViewController.m */ = {isa = PBXFileReference; lastKnownFileType = sourcecode.c.objc; path = ProfileViewController.m; sourceTree = "<group>"; };
		CC67EAA720F42FA9001B0A1F /* Post.h */ = {isa = PBXFileReference; lastKnownFileType = sourcecode.c.h; path = Post.h; sourceTree = "<group>"; };
		CC67EAA820F42FA9001B0A1F /* Post.m */ = {isa = PBXFileReference; lastKnownFileType = sourcecode.c.objc; path = Post.m; sourceTree = "<group>"; };
		CC67EAAA20F4321E001B0A1F /* PictureCell.h */ = {isa = PBXFileReference; lastKnownFileType = sourcecode.c.h; path = PictureCell.h; sourceTree = "<group>"; };
		CC67EAAB20F4321E001B0A1F /* PictureCell.m */ = {isa = PBXFileReference; lastKnownFileType = sourcecode.c.objc; path = PictureCell.m; sourceTree = "<group>"; };
		CC67EAAD20F43393001B0A1F /* DetailedViewController.h */ = {isa = PBXFileReference; lastKnownFileType = sourcecode.c.h; path = DetailedViewController.h; sourceTree = "<group>"; };
		CC67EAAE20F43393001B0A1F /* DetailedViewController.m */ = {isa = PBXFileReference; lastKnownFileType = sourcecode.c.objc; path = DetailedViewController.m; sourceTree = "<group>"; };
		CCEEEB9D20F7D74E0084AE01 /* HeaderTableViewCell.h */ = {isa = PBXFileReference; lastKnownFileType = sourcecode.c.h; path = HeaderTableViewCell.h; sourceTree = "<group>"; };
		CCEEEB9E20F7D74E0084AE01 /* HeaderTableViewCell.m */ = {isa = PBXFileReference; lastKnownFileType = sourcecode.c.objc; path = HeaderTableViewCell.m; sourceTree = "<group>"; };
		CCEEEBA020F7D7720084AE01 /* ProfileTableViewCell.h */ = {isa = PBXFileReference; lastKnownFileType = sourcecode.c.h; path = ProfileTableViewCell.h; sourceTree = "<group>"; };
		CCEEEBA120F7D7720084AE01 /* ProfileTableViewCell.m */ = {isa = PBXFileReference; lastKnownFileType = sourcecode.c.objc; path = ProfileTableViewCell.m; sourceTree = "<group>"; };
		D26A5C5E3B77A4165A77DE8B /* Pods-InstaUITests.release.xcconfig */ = {isa = PBXFileReference; includeInIndex = 1; lastKnownFileType = text.xcconfig; name = "Pods-InstaUITests.release.xcconfig"; path = "Pods/Target Support Files/Pods-InstaUITests/Pods-InstaUITests.release.xcconfig"; sourceTree = "<group>"; };
		E3EB5DC8B6AB2E53FBA8BA52 /* libPods-InstaTests.a */ = {isa = PBXFileReference; explicitFileType = archive.ar; includeInIndex = 0; path = "libPods-InstaTests.a"; sourceTree = BUILT_PRODUCTS_DIR; };
		EA7D83DED9DF7F59C83AC1BC /* libPods-Insta.a */ = {isa = PBXFileReference; explicitFileType = archive.ar; includeInIndex = 0; path = "libPods-Insta.a"; sourceTree = BUILT_PRODUCTS_DIR; };
/* End PBXFileReference section */

/* Begin PBXFrameworksBuildPhase section */
		CC67EA5120F409DE001B0A1F /* Frameworks */ = {
			isa = PBXFrameworksBuildPhase;
			buildActionMask = 2147483647;
			files = (
				B785FA1538F113DA360C79DB /* libPods-Insta.a in Frameworks */,
			);
			runOnlyForDeploymentPostprocessing = 0;
		};
		CC67EA6920F409DF001B0A1F /* Frameworks */ = {
			isa = PBXFrameworksBuildPhase;
			buildActionMask = 2147483647;
			files = (
				752627277BB1B01EA677BCB5 /* libPods-InstaTests.a in Frameworks */,
			);
			runOnlyForDeploymentPostprocessing = 0;
		};
		CC67EA7420F409DF001B0A1F /* Frameworks */ = {
			isa = PBXFrameworksBuildPhase;
			buildActionMask = 2147483647;
			files = (
				437BA9F3D741F3284F686707 /* libPods-InstaUITests.a in Frameworks */,
			);
			runOnlyForDeploymentPostprocessing = 0;
		};
/* End PBXFrameworksBuildPhase section */

/* Begin PBXGroup section */
		0B09DCBA0F75247E6D6093F4 /* Pods */ = {
			isa = PBXGroup;
			children = (
				9BB5A960F4872DF837543DA6 /* Pods-Insta.debug.xcconfig */,
				C58F05FD8892A59508814361 /* Pods-Insta.release.xcconfig */,
				18A3D8203D2A38BBA212FCEC /* Pods-InstaTests.debug.xcconfig */,
				B18030B2BD6E8B9A1546D142 /* Pods-InstaTests.release.xcconfig */,
				AA1FCDA7B71FE002491F1A96 /* Pods-InstaUITests.debug.xcconfig */,
				D26A5C5E3B77A4165A77DE8B /* Pods-InstaUITests.release.xcconfig */,
			);
			name = Pods;
			sourceTree = "<group>";
		};
		791AB53FBB0C223BBCBDEC2E /* Frameworks */ = {
			isa = PBXGroup;
			children = (
				EA7D83DED9DF7F59C83AC1BC /* libPods-Insta.a */,
				E3EB5DC8B6AB2E53FBA8BA52 /* libPods-InstaTests.a */,
				6E3DB943EA204F6AC655D0E9 /* libPods-InstaUITests.a */,
			);
			name = Frameworks;
			sourceTree = "<group>";
		};
		CC67EA4B20F409DE001B0A1F = {
			isa = PBXGroup;
			children = (
				CC67EA5620F409DE001B0A1F /* Insta */,
				CC67EA6F20F409DF001B0A1F /* InstaTests */,
				CC67EA7A20F409DF001B0A1F /* InstaUITests */,
				CC67EA5520F409DE001B0A1F /* Products */,
				0B09DCBA0F75247E6D6093F4 /* Pods */,
				791AB53FBB0C223BBCBDEC2E /* Frameworks */,
			);
			sourceTree = "<group>";
		};
		CC67EA5520F409DE001B0A1F /* Products */ = {
			isa = PBXGroup;
			children = (
				CC67EA5420F409DE001B0A1F /* Insta.app */,
				CC67EA6C20F409DF001B0A1F /* InstaTests.xctest */,
				CC67EA7720F409DF001B0A1F /* InstaUITests.xctest */,
			);
			name = Products;
			sourceTree = "<group>";
		};
		CC67EA5620F409DE001B0A1F /* Insta */ = {
			isa = PBXGroup;
			children = (
				CC67EA5720F409DE001B0A1F /* AppDelegate.h */,
				CC67EA5820F409DE001B0A1F /* AppDelegate.m */,
				CC67EA5D20F409DE001B0A1F /* Main.storyboard */,
				CC67EA6220F409DF001B0A1F /* LaunchScreen.storyboard */,
				CC67EA6020F409DF001B0A1F /* Assets.xcassets */,
				CC67EA6520F409DF001B0A1F /* Info.plist */,
				CCAF8E1F20F58CD600194BAD /* Model */,
				CCAF8E2020F58CF900194BAD /* View */,
				CC67EA9E20F42C0A001B0A1F /* ViewControllers */,
				CC67EA6620F409DF001B0A1F /* main.m */,
			);
			path = Insta;
			sourceTree = "<group>";
		};
		CC67EA6F20F409DF001B0A1F /* InstaTests */ = {
			isa = PBXGroup;
			children = (
				CC67EA7020F409DF001B0A1F /* InstaTests.m */,
				CC67EA7220F409DF001B0A1F /* Info.plist */,
			);
			path = InstaTests;
			sourceTree = "<group>";
		};
		CC67EA7A20F409DF001B0A1F /* InstaUITests */ = {
			isa = PBXGroup;
			children = (
				CC67EA7B20F409DF001B0A1F /* InstaUITests.m */,
				CC67EA7D20F409DF001B0A1F /* Info.plist */,
			);
			path = InstaUITests;
			sourceTree = "<group>";
		};
		CC67EA9E20F42C0A001B0A1F /* ViewControllers */ = {
			isa = PBXGroup;
			children = (
				CC67EA9220F41E10001B0A1F /* LoginViewController.h */,
				CC67EA9320F41E10001B0A1F /* LoginViewController.m */,
				CC67EAAD20F43393001B0A1F /* DetailedViewController.h */,
				CC67EAAE20F43393001B0A1F /* DetailedViewController.m */,
				CC67EA8F20F41D90001B0A1F /* SignUpViewController.h */,
				CC67EA9020F41D90001B0A1F /* SignUpViewController.m */,
				CC67EA9B20F42B87001B0A1F /* FeedViewController.h */,
				CC67EA9C20F42B87001B0A1F /* FeedViewController.m */,
				CC67EA9F20F42CFA001B0A1F /* ComposeViewController.h */,
				CC67EAA020F42CFA001B0A1F /* ComposeViewController.m */,
				CC67EAA420F42D14001B0A1F /* ProfileViewController.h */,
				CC67EAA520F42D14001B0A1F /* ProfileViewController.m */,
			);
			path = ViewControllers;
			sourceTree = "<group>";
		};
		CCAF8E1F20F58CD600194BAD /* Model */ = {
			isa = PBXGroup;
			children = (
				CC67EAA720F42FA9001B0A1F /* Post.h */,
				CC67EAA820F42FA9001B0A1F /* Post.m */,
			);
			path = Model;
			sourceTree = "<group>";
		};
		CCAF8E2020F58CF900194BAD /* View */ = {
			isa = PBXGroup;
			children = (
				CC67EAAA20F4321E001B0A1F /* PictureCell.h */,
				CC67EAAB20F4321E001B0A1F /* PictureCell.m */,
				CCEEEB9D20F7D74E0084AE01 /* HeaderTableViewCell.h */,
				CCEEEB9E20F7D74E0084AE01 /* HeaderTableViewCell.m */,
				CCEEEBA020F7D7720084AE01 /* ProfileTableViewCell.h */,
				CCEEEBA120F7D7720084AE01 /* ProfileTableViewCell.m */,
			);
			path = View;
			sourceTree = "<group>";
		};
/* End PBXGroup section */

/* Begin PBXNativeTarget section */
		CC67EA5320F409DE001B0A1F /* Insta */ = {
			isa = PBXNativeTarget;
			buildConfigurationList = CC67EA8020F409DF001B0A1F /* Build configuration list for PBXNativeTarget "Insta" */;
			buildPhases = (
				E1A5DED0521F4F138FD589D5 /* [CP] Check Pods Manifest.lock */,
				CC67EA5020F409DE001B0A1F /* Sources */,
				CC67EA5120F409DE001B0A1F /* Frameworks */,
				CC67EA5220F409DE001B0A1F /* Resources */,
				12DAFAEDFF49D566D8BFE880 /* [CP] Copy Pods Resources */,
			);
			buildRules = (
			);
			dependencies = (
			);
			name = Insta;
			productName = Insta;
			productReference = CC67EA5420F409DE001B0A1F /* Insta.app */;
			productType = "com.apple.product-type.application";
		};
		CC67EA6B20F409DF001B0A1F /* InstaTests */ = {
			isa = PBXNativeTarget;
			buildConfigurationList = CC67EA8320F409DF001B0A1F /* Build configuration list for PBXNativeTarget "InstaTests" */;
			buildPhases = (
				8E7A50D865AA241C55D98C0A /* [CP] Check Pods Manifest.lock */,
				CC67EA6820F409DF001B0A1F /* Sources */,
				CC67EA6920F409DF001B0A1F /* Frameworks */,
				CC67EA6A20F409DF001B0A1F /* Resources */,
			);
			buildRules = (
			);
			dependencies = (
				CC67EA6E20F409DF001B0A1F /* PBXTargetDependency */,
			);
			name = InstaTests;
			productName = InstaTests;
			productReference = CC67EA6C20F409DF001B0A1F /* InstaTests.xctest */;
			productType = "com.apple.product-type.bundle.unit-test";
		};
		CC67EA7620F409DF001B0A1F /* InstaUITests */ = {
			isa = PBXNativeTarget;
			buildConfigurationList = CC67EA8620F409DF001B0A1F /* Build configuration list for PBXNativeTarget "InstaUITests" */;
			buildPhases = (
				CBE24D4F7A0989EADDEBA906 /* [CP] Check Pods Manifest.lock */,
				CC67EA7320F409DF001B0A1F /* Sources */,
				CC67EA7420F409DF001B0A1F /* Frameworks */,
				CC67EA7520F409DF001B0A1F /* Resources */,
			);
			buildRules = (
			);
			dependencies = (
				CC67EA7920F409DF001B0A1F /* PBXTargetDependency */,
			);
			name = InstaUITests;
			productName = InstaUITests;
			productReference = CC67EA7720F409DF001B0A1F /* InstaUITests.xctest */;
			productType = "com.apple.product-type.bundle.ui-testing";
		};
/* End PBXNativeTarget section */

/* Begin PBXProject section */
		CC67EA4C20F409DE001B0A1F /* Project object */ = {
			isa = PBXProject;
			attributes = {
				LastUpgradeCheck = 0940;
				ORGANIZATIONNAME = "Amy Liu";
				TargetAttributes = {
					CC67EA5320F409DE001B0A1F = {
						CreatedOnToolsVersion = 9.4.1;
					};
					CC67EA6B20F409DF001B0A1F = {
						CreatedOnToolsVersion = 9.4.1;
						TestTargetID = CC67EA5320F409DE001B0A1F;
					};
					CC67EA7620F409DF001B0A1F = {
						CreatedOnToolsVersion = 9.4.1;
						TestTargetID = CC67EA5320F409DE001B0A1F;
					};
				};
			};
			buildConfigurationList = CC67EA4F20F409DE001B0A1F /* Build configuration list for PBXProject "Insta" */;
			compatibilityVersion = "Xcode 9.3";
			developmentRegion = en;
			hasScannedForEncodings = 0;
			knownRegions = (
				en,
				Base,
			);
			mainGroup = CC67EA4B20F409DE001B0A1F;
			productRefGroup = CC67EA5520F409DE001B0A1F /* Products */;
			projectDirPath = "";
			projectRoot = "";
			targets = (
				CC67EA5320F409DE001B0A1F /* Insta */,
				CC67EA6B20F409DF001B0A1F /* InstaTests */,
				CC67EA7620F409DF001B0A1F /* InstaUITests */,
			);
		};
/* End PBXProject section */

/* Begin PBXResourcesBuildPhase section */
		CC67EA5220F409DE001B0A1F /* Resources */ = {
			isa = PBXResourcesBuildPhase;
			buildActionMask = 2147483647;
			files = (
				CC67EA6420F409DF001B0A1F /* LaunchScreen.storyboard in Resources */,
				CC67EA6120F409DF001B0A1F /* Assets.xcassets in Resources */,
				CC67EA5F20F409DE001B0A1F /* Main.storyboard in Resources */,
			);
			runOnlyForDeploymentPostprocessing = 0;
		};
		CC67EA6A20F409DF001B0A1F /* Resources */ = {
			isa = PBXResourcesBuildPhase;
			buildActionMask = 2147483647;
			files = (
			);
			runOnlyForDeploymentPostprocessing = 0;
		};
		CC67EA7520F409DF001B0A1F /* Resources */ = {
			isa = PBXResourcesBuildPhase;
			buildActionMask = 2147483647;
			files = (
			);
			runOnlyForDeploymentPostprocessing = 0;
		};
/* End PBXResourcesBuildPhase section */

/* Begin PBXShellScriptBuildPhase section */
		12DAFAEDFF49D566D8BFE880 /* [CP] Copy Pods Resources */ = {
			isa = PBXShellScriptBuildPhase;
			buildActionMask = 2147483647;
			files = (
			);
			inputPaths = (
				"${SRCROOT}/Pods/Target Support Files/Pods-Insta/Pods-Insta-resources.sh",
				"${PODS_ROOT}/DateTools/DateTools/DateTools/DateTools.bundle",
				"${PODS_CONFIGURATION_BUILD_DIR}/Parse/Parse.bundle",
				"${PODS_ROOT}/ParseUI/ParseUI/Resources/Localization/en.lproj",
				"${PODS_ROOT}/ParseUI/ParseUI/Resources/Localization/fr.lproj",
				"${PODS_ROOT}/ParseUI/ParseUI/Resources/Localization/pt-BR.lproj",
			);
			name = "[CP] Copy Pods Resources";
			outputPaths = (
				"${TARGET_BUILD_DIR}/${UNLOCALIZED_RESOURCES_FOLDER_PATH}/DateTools.bundle",
				"${TARGET_BUILD_DIR}/${UNLOCALIZED_RESOURCES_FOLDER_PATH}/Parse.bundle",
				"${TARGET_BUILD_DIR}/${UNLOCALIZED_RESOURCES_FOLDER_PATH}/en.lproj",
				"${TARGET_BUILD_DIR}/${UNLOCALIZED_RESOURCES_FOLDER_PATH}/fr.lproj",
				"${TARGET_BUILD_DIR}/${UNLOCALIZED_RESOURCES_FOLDER_PATH}/pt-BR.lproj",
			);
			runOnlyForDeploymentPostprocessing = 0;
			shellPath = /bin/sh;
			shellScript = "\"${SRCROOT}/Pods/Target Support Files/Pods-Insta/Pods-Insta-resources.sh\"\n";
			showEnvVarsInLog = 0;
		};
		8E7A50D865AA241C55D98C0A /* [CP] Check Pods Manifest.lock */ = {
			isa = PBXShellScriptBuildPhase;
			buildActionMask = 2147483647;
			files = (
			);
			inputPaths = (
				"${PODS_PODFILE_DIR_PATH}/Podfile.lock",
				"${PODS_ROOT}/Manifest.lock",
			);
			name = "[CP] Check Pods Manifest.lock";
			outputPaths = (
				"$(DERIVED_FILE_DIR)/Pods-InstaTests-checkManifestLockResult.txt",
			);
			runOnlyForDeploymentPostprocessing = 0;
			shellPath = /bin/sh;
			shellScript = "diff \"${PODS_PODFILE_DIR_PATH}/Podfile.lock\" \"${PODS_ROOT}/Manifest.lock\" > /dev/null\nif [ $? != 0 ] ; then\n    # print error to STDERR\n    echo \"error: The sandbox is not in sync with the Podfile.lock. Run 'pod install' or update your CocoaPods installation.\" >&2\n    exit 1\nfi\n# This output is used by Xcode 'outputs' to avoid re-running this script phase.\necho \"SUCCESS\" > \"${SCRIPT_OUTPUT_FILE_0}\"\n";
			showEnvVarsInLog = 0;
		};
		CBE24D4F7A0989EADDEBA906 /* [CP] Check Pods Manifest.lock */ = {
			isa = PBXShellScriptBuildPhase;
			buildActionMask = 2147483647;
			files = (
			);
			inputPaths = (
				"${PODS_PODFILE_DIR_PATH}/Podfile.lock",
				"${PODS_ROOT}/Manifest.lock",
			);
			name = "[CP] Check Pods Manifest.lock";
			outputPaths = (
				"$(DERIVED_FILE_DIR)/Pods-InstaUITests-checkManifestLockResult.txt",
			);
			runOnlyForDeploymentPostprocessing = 0;
			shellPath = /bin/sh;
			shellScript = "diff \"${PODS_PODFILE_DIR_PATH}/Podfile.lock\" \"${PODS_ROOT}/Manifest.lock\" > /dev/null\nif [ $? != 0 ] ; then\n    # print error to STDERR\n    echo \"error: The sandbox is not in sync with the Podfile.lock. Run 'pod install' or update your CocoaPods installation.\" >&2\n    exit 1\nfi\n# This output is used by Xcode 'outputs' to avoid re-running this script phase.\necho \"SUCCESS\" > \"${SCRIPT_OUTPUT_FILE_0}\"\n";
			showEnvVarsInLog = 0;
		};
		E1A5DED0521F4F138FD589D5 /* [CP] Check Pods Manifest.lock */ = {
			isa = PBXShellScriptBuildPhase;
			buildActionMask = 2147483647;
			files = (
			);
			inputPaths = (
				"${PODS_PODFILE_DIR_PATH}/Podfile.lock",
				"${PODS_ROOT}/Manifest.lock",
			);
			name = "[CP] Check Pods Manifest.lock";
			outputPaths = (
				"$(DERIVED_FILE_DIR)/Pods-Insta-checkManifestLockResult.txt",
			);
			runOnlyForDeploymentPostprocessing = 0;
			shellPath = /bin/sh;
			shellScript = "diff \"${PODS_PODFILE_DIR_PATH}/Podfile.lock\" \"${PODS_ROOT}/Manifest.lock\" > /dev/null\nif [ $? != 0 ] ; then\n    # print error to STDERR\n    echo \"error: The sandbox is not in sync with the Podfile.lock. Run 'pod install' or update your CocoaPods installation.\" >&2\n    exit 1\nfi\n# This output is used by Xcode 'outputs' to avoid re-running this script phase.\necho \"SUCCESS\" > \"${SCRIPT_OUTPUT_FILE_0}\"\n";
			showEnvVarsInLog = 0;
		};
/* End PBXShellScriptBuildPhase section */

/* Begin PBXSourcesBuildPhase section */
		CC67EA5020F409DE001B0A1F /* Sources */ = {
			isa = PBXSourcesBuildPhase;
			buildActionMask = 2147483647;
			files = (
				CC67EA9420F41E10001B0A1F /* LoginViewController.m in Sources */,
				CC67EA9D20F42B87001B0A1F /* FeedViewController.m in Sources */,
				CC67EA6720F409DF001B0A1F /* main.m in Sources */,
				CC67EAAC20F4321E001B0A1F /* PictureCell.m in Sources */,
				CCEEEB9F20F7D74E0084AE01 /* HeaderTableViewCell.m in Sources */,
				CC67EAAF20F43393001B0A1F /* DetailedViewController.m in Sources */,
				CC67EAA120F42CFA001B0A1F /* ComposeViewController.m in Sources */,
				CC67EAA620F42D14001B0A1F /* ProfileViewController.m in Sources */,
				CC67EA5920F409DE001B0A1F /* AppDelegate.m in Sources */,
				CCEEEBA220F7D7720084AE01 /* ProfileTableViewCell.m in Sources */,
				CC67EA9120F41D90001B0A1F /* SignUpViewController.m in Sources */,
				CC67EAA920F42FA9001B0A1F /* Post.m in Sources */,
			);
			runOnlyForDeploymentPostprocessing = 0;
		};
		CC67EA6820F409DF001B0A1F /* Sources */ = {
			isa = PBXSourcesBuildPhase;
			buildActionMask = 2147483647;
			files = (
				CC67EA7120F409DF001B0A1F /* InstaTests.m in Sources */,
			);
			runOnlyForDeploymentPostprocessing = 0;
		};
		CC67EA7320F409DF001B0A1F /* Sources */ = {
			isa = PBXSourcesBuildPhase;
			buildActionMask = 2147483647;
			files = (
				CC67EA7C20F409DF001B0A1F /* InstaUITests.m in Sources */,
			);
			runOnlyForDeploymentPostprocessing = 0;
		};
/* End PBXSourcesBuildPhase section */

/* Begin PBXTargetDependency section */
		CC67EA6E20F409DF001B0A1F /* PBXTargetDependency */ = {
			isa = PBXTargetDependency;
			target = CC67EA5320F409DE001B0A1F /* Insta */;
			targetProxy = CC67EA6D20F409DF001B0A1F /* PBXContainerItemProxy */;
		};
		CC67EA7920F409DF001B0A1F /* PBXTargetDependency */ = {
			isa = PBXTargetDependency;
			target = CC67EA5320F409DE001B0A1F /* Insta */;
			targetProxy = CC67EA7820F409DF001B0A1F /* PBXContainerItemProxy */;
		};
/* End PBXTargetDependency section */

/* Begin PBXVariantGroup section */
		CC67EA5D20F409DE001B0A1F /* Main.storyboard */ = {
			isa = PBXVariantGroup;
			children = (
				CC67EA5E20F409DE001B0A1F /* Base */,
			);
			name = Main.storyboard;
			sourceTree = "<group>";
		};
		CC67EA6220F409DF001B0A1F /* LaunchScreen.storyboard */ = {
			isa = PBXVariantGroup;
			children = (
				CC67EA6320F409DF001B0A1F /* Base */,
			);
			name = LaunchScreen.storyboard;
			sourceTree = "<group>";
		};
/* End PBXVariantGroup section */

/* Begin XCBuildConfiguration section */
		CC67EA7E20F409DF001B0A1F /* Debug */ = {
			isa = XCBuildConfiguration;
			buildSettings = {
				ALWAYS_SEARCH_USER_PATHS = NO;
				CLANG_ANALYZER_NONNULL = YES;
				CLANG_ANALYZER_NUMBER_OBJECT_CONVERSION = YES_AGGRESSIVE;
				CLANG_CXX_LANGUAGE_STANDARD = "gnu++14";
				CLANG_CXX_LIBRARY = "libc++";
				CLANG_ENABLE_MODULES = YES;
				CLANG_ENABLE_OBJC_ARC = YES;
				CLANG_ENABLE_OBJC_WEAK = YES;
				CLANG_WARN_BLOCK_CAPTURE_AUTORELEASING = YES;
				CLANG_WARN_BOOL_CONVERSION = YES;
				CLANG_WARN_COMMA = YES;
				CLANG_WARN_CONSTANT_CONVERSION = YES;
				CLANG_WARN_DEPRECATED_OBJC_IMPLEMENTATIONS = YES;
				CLANG_WARN_DIRECT_OBJC_ISA_USAGE = YES_ERROR;
				CLANG_WARN_DOCUMENTATION_COMMENTS = YES;
				CLANG_WARN_EMPTY_BODY = YES;
				CLANG_WARN_ENUM_CONVERSION = YES;
				CLANG_WARN_INFINITE_RECURSION = YES;
				CLANG_WARN_INT_CONVERSION = YES;
				CLANG_WARN_NON_LITERAL_NULL_CONVERSION = YES;
				CLANG_WARN_OBJC_IMPLICIT_RETAIN_SELF = YES;
				CLANG_WARN_OBJC_LITERAL_CONVERSION = YES;
				CLANG_WARN_OBJC_ROOT_CLASS = YES_ERROR;
				CLANG_WARN_RANGE_LOOP_ANALYSIS = YES;
				CLANG_WARN_STRICT_PROTOTYPES = YES;
				CLANG_WARN_SUSPICIOUS_MOVE = YES;
				CLANG_WARN_UNGUARDED_AVAILABILITY = YES_AGGRESSIVE;
				CLANG_WARN_UNREACHABLE_CODE = YES;
				CLANG_WARN__DUPLICATE_METHOD_MATCH = YES;
				CODE_SIGN_IDENTITY = "iPhone Developer";
				COPY_PHASE_STRIP = NO;
				DEBUG_INFORMATION_FORMAT = dwarf;
				ENABLE_STRICT_OBJC_MSGSEND = YES;
				ENABLE_TESTABILITY = YES;
				GCC_C_LANGUAGE_STANDARD = gnu11;
				GCC_DYNAMIC_NO_PIC = NO;
				GCC_NO_COMMON_BLOCKS = YES;
				GCC_OPTIMIZATION_LEVEL = 0;
				GCC_PREPROCESSOR_DEFINITIONS = (
					"DEBUG=1",
					"$(inherited)",
				);
				GCC_WARN_64_TO_32_BIT_CONVERSION = YES;
				GCC_WARN_ABOUT_RETURN_TYPE = YES_ERROR;
				GCC_WARN_UNDECLARED_SELECTOR = YES;
				GCC_WARN_UNINITIALIZED_AUTOS = YES_AGGRESSIVE;
				GCC_WARN_UNUSED_FUNCTION = YES;
				GCC_WARN_UNUSED_VARIABLE = YES;
				IPHONEOS_DEPLOYMENT_TARGET = 11.4;
				MTL_ENABLE_DEBUG_INFO = YES;
				ONLY_ACTIVE_ARCH = YES;
				SDKROOT = iphoneos;
			};
			name = Debug;
		};
		CC67EA7F20F409DF001B0A1F /* Release */ = {
			isa = XCBuildConfiguration;
			buildSettings = {
				ALWAYS_SEARCH_USER_PATHS = NO;
				CLANG_ANALYZER_NONNULL = YES;
				CLANG_ANALYZER_NUMBER_OBJECT_CONVERSION = YES_AGGRESSIVE;
				CLANG_CXX_LANGUAGE_STANDARD = "gnu++14";
				CLANG_CXX_LIBRARY = "libc++";
				CLANG_ENABLE_MODULES = YES;
				CLANG_ENABLE_OBJC_ARC = YES;
				CLANG_ENABLE_OBJC_WEAK = YES;
				CLANG_WARN_BLOCK_CAPTURE_AUTORELEASING = YES;
				CLANG_WARN_BOOL_CONVERSION = YES;
				CLANG_WARN_COMMA = YES;
				CLANG_WARN_CONSTANT_CONVERSION = YES;
				CLANG_WARN_DEPRECATED_OBJC_IMPLEMENTATIONS = YES;
				CLANG_WARN_DIRECT_OBJC_ISA_USAGE = YES_ERROR;
				CLANG_WARN_DOCUMENTATION_COMMENTS = YES;
				CLANG_WARN_EMPTY_BODY = YES;
				CLANG_WARN_ENUM_CONVERSION = YES;
				CLANG_WARN_INFINITE_RECURSION = YES;
				CLANG_WARN_INT_CONVERSION = YES;
				CLANG_WARN_NON_LITERAL_NULL_CONVERSION = YES;
				CLANG_WARN_OBJC_IMPLICIT_RETAIN_SELF = YES;
				CLANG_WARN_OBJC_LITERAL_CONVERSION = YES;
				CLANG_WARN_OBJC_ROOT_CLASS = YES_ERROR;
				CLANG_WARN_RANGE_LOOP_ANALYSIS = YES;
				CLANG_WARN_STRICT_PROTOTYPES = YES;
				CLANG_WARN_SUSPICIOUS_MOVE = YES;
				CLANG_WARN_UNGUARDED_AVAILABILITY = YES_AGGRESSIVE;
				CLANG_WARN_UNREACHABLE_CODE = YES;
				CLANG_WARN__DUPLICATE_METHOD_MATCH = YES;
				CODE_SIGN_IDENTITY = "iPhone Developer";
				COPY_PHASE_STRIP = NO;
				DEBUG_INFORMATION_FORMAT = "dwarf-with-dsym";
				ENABLE_NS_ASSERTIONS = NO;
				ENABLE_STRICT_OBJC_MSGSEND = YES;
				GCC_C_LANGUAGE_STANDARD = gnu11;
				GCC_NO_COMMON_BLOCKS = YES;
				GCC_WARN_64_TO_32_BIT_CONVERSION = YES;
				GCC_WARN_ABOUT_RETURN_TYPE = YES_ERROR;
				GCC_WARN_UNDECLARED_SELECTOR = YES;
				GCC_WARN_UNINITIALIZED_AUTOS = YES_AGGRESSIVE;
				GCC_WARN_UNUSED_FUNCTION = YES;
				GCC_WARN_UNUSED_VARIABLE = YES;
				IPHONEOS_DEPLOYMENT_TARGET = 11.4;
				MTL_ENABLE_DEBUG_INFO = NO;
				SDKROOT = iphoneos;
				VALIDATE_PRODUCT = YES;
			};
			name = Release;
		};
		CC67EA8120F409DF001B0A1F /* Debug */ = {
			isa = XCBuildConfiguration;
			baseConfigurationReference = 9BB5A960F4872DF837543DA6 /* Pods-Insta.debug.xcconfig */;
			buildSettings = {
				ASSETCATALOG_COMPILER_APPICON_NAME = AppIcon;
				CODE_SIGN_STYLE = Automatic;
				DEVELOPMENT_TEAM = 2UG759YXVN;
				INFOPLIST_FILE = Insta/Info.plist;
				LD_RUNPATH_SEARCH_PATHS = (
					"$(inherited)",
					"@executable_path/Frameworks",
				);
				PRODUCT_BUNDLE_IDENTIFIER = maymayliu.Insta;
				PRODUCT_NAME = "$(TARGET_NAME)";
				TARGETED_DEVICE_FAMILY = "1,2";
			};
			name = Debug;
		};
		CC67EA8220F409DF001B0A1F /* Release */ = {
			isa = XCBuildConfiguration;
			baseConfigurationReference = C58F05FD8892A59508814361 /* Pods-Insta.release.xcconfig */;
			buildSettings = {
				ASSETCATALOG_COMPILER_APPICON_NAME = AppIcon;
				CODE_SIGN_STYLE = Automatic;
				DEVELOPMENT_TEAM = 2UG759YXVN;
				INFOPLIST_FILE = Insta/Info.plist;
				LD_RUNPATH_SEARCH_PATHS = (
					"$(inherited)",
					"@executable_path/Frameworks",
				);
				PRODUCT_BUNDLE_IDENTIFIER = maymayliu.Insta;
				PRODUCT_NAME = "$(TARGET_NAME)";
				TARGETED_DEVICE_FAMILY = "1,2";
			};
			name = Release;
		};
		CC67EA8420F409DF001B0A1F /* Debug */ = {
			isa = XCBuildConfiguration;
			baseConfigurationReference = 18A3D8203D2A38BBA212FCEC /* Pods-InstaTests.debug.xcconfig */;
			buildSettings = {
				BUNDLE_LOADER = "$(TEST_HOST)";
				CODE_SIGN_STYLE = Automatic;
				DEVELOPMENT_TEAM = 2UG759YXVN;
				INFOPLIST_FILE = InstaTests/Info.plist;
				LD_RUNPATH_SEARCH_PATHS = (
					"$(inherited)",
					"@executable_path/Frameworks",
					"@loader_path/Frameworks",
				);
				PRODUCT_BUNDLE_IDENTIFIER = maymayliu.InstaTests;
				PRODUCT_NAME = "$(TARGET_NAME)";
				TARGETED_DEVICE_FAMILY = "1,2";
				TEST_HOST = "$(BUILT_PRODUCTS_DIR)/Insta.app/Insta";
			};
			name = Debug;
		};
		CC67EA8520F409DF001B0A1F /* Release */ = {
			isa = XCBuildConfiguration;
			baseConfigurationReference = B18030B2BD6E8B9A1546D142 /* Pods-InstaTests.release.xcconfig */;
			buildSettings = {
				BUNDLE_LOADER = "$(TEST_HOST)";
				CODE_SIGN_STYLE = Automatic;
				DEVELOPMENT_TEAM = 2UG759YXVN;
				INFOPLIST_FILE = InstaTests/Info.plist;
				LD_RUNPATH_SEARCH_PATHS = (
					"$(inherited)",
					"@executable_path/Frameworks",
					"@loader_path/Frameworks",
				);
				PRODUCT_BUNDLE_IDENTIFIER = maymayliu.InstaTests;
				PRODUCT_NAME = "$(TARGET_NAME)";
				TARGETED_DEVICE_FAMILY = "1,2";
				TEST_HOST = "$(BUILT_PRODUCTS_DIR)/Insta.app/Insta";
			};
			name = Release;
		};
		CC67EA8720F409DF001B0A1F /* Debug */ = {
			isa = XCBuildConfiguration;
			baseConfigurationReference = AA1FCDA7B71FE002491F1A96 /* Pods-InstaUITests.debug.xcconfig */;
			buildSettings = {
				CODE_SIGN_STYLE = Automatic;
				DEVELOPMENT_TEAM = 2UG759YXVN;
				INFOPLIST_FILE = InstaUITests/Info.plist;
				LD_RUNPATH_SEARCH_PATHS = (
					"$(inherited)",
					"@executable_path/Frameworks",
					"@loader_path/Frameworks",
				);
				PRODUCT_BUNDLE_IDENTIFIER = maymayliu.InstaUITests;
				PRODUCT_NAME = "$(TARGET_NAME)";
				TARGETED_DEVICE_FAMILY = "1,2";
				TEST_TARGET_NAME = Insta;
			};
			name = Debug;
		};
		CC67EA8820F409DF001B0A1F /* Release */ = {
			isa = XCBuildConfiguration;
			baseConfigurationReference = D26A5C5E3B77A4165A77DE8B /* Pods-InstaUITests.release.xcconfig */;
			buildSettings = {
				CODE_SIGN_STYLE = Automatic;
				DEVELOPMENT_TEAM = 2UG759YXVN;
				INFOPLIST_FILE = InstaUITests/Info.plist;
				LD_RUNPATH_SEARCH_PATHS = (
					"$(inherited)",
					"@executable_path/Frameworks",
					"@loader_path/Frameworks",
				);
				PRODUCT_BUNDLE_IDENTIFIER = maymayliu.InstaUITests;
				PRODUCT_NAME = "$(TARGET_NAME)";
				TARGETED_DEVICE_FAMILY = "1,2";
				TEST_TARGET_NAME = Insta;
			};
			name = Release;
		};
/* End XCBuildConfiguration section */

/* Begin XCConfigurationList section */
		CC67EA4F20F409DE001B0A1F /* Build configuration list for PBXProject "Insta" */ = {
			isa = XCConfigurationList;
			buildConfigurations = (
				CC67EA7E20F409DF001B0A1F /* Debug */,
				CC67EA7F20F409DF001B0A1F /* Release */,
			);
			defaultConfigurationIsVisible = 0;
			defaultConfigurationName = Release;
		};
		CC67EA8020F409DF001B0A1F /* Build configuration list for PBXNativeTarget "Insta" */ = {
			isa = XCConfigurationList;
			buildConfigurations = (
				CC67EA8120F409DF001B0A1F /* Debug */,
				CC67EA8220F409DF001B0A1F /* Release */,
			);
			defaultConfigurationIsVisible = 0;
			defaultConfigurationName = Release;
		};
		CC67EA8320F409DF001B0A1F /* Build configuration list for PBXNativeTarget "InstaTests" */ = {
			isa = XCConfigurationList;
			buildConfigurations = (
				CC67EA8420F409DF001B0A1F /* Debug */,
				CC67EA8520F409DF001B0A1F /* Release */,
			);
			defaultConfigurationIsVisible = 0;
			defaultConfigurationName = Release;
		};
		CC67EA8620F409DF001B0A1F /* Build configuration list for PBXNativeTarget "InstaUITests" */ = {
			isa = XCConfigurationList;
			buildConfigurations = (
				CC67EA8720F409DF001B0A1F /* Debug */,
				CC67EA8820F409DF001B0A1F /* Release */,
			);
			defaultConfigurationIsVisible = 0;
			defaultConfigurationName = Release;
		};
/* End XCConfigurationList section */
	};
	rootObject = CC67EA4C20F409DE001B0A1F /* Project object */;
}
